
Microsoft Visual Studio Solution File, Format Version 12.00
# Visual Studio Version 17
VisualStudioVersion = 17.0.31903.59
MinimumVisualStudioVersion = 10.0.40219.1
Project("{2150E333-8FDC-42A3-9474-1A3956D46DE8}") = "src", "src", "{827E0CD3-B72D-47B6-A68D-7590B98EB39B}"
EndProject
Project("{FAE04EC0-301F-11D3-BF4B-00C04F79EFBC}") = "MediaPlayerApp.Domain", "src\MediaPlayerApp.Domain\MediaPlayerApp.Domain.csproj", "{AD780670-EE29-4674-9919-FC2372CA690C}"
EndProject
Project("{FAE04EC0-301F-11D3-BF4B-00C04F79EFBC}") = "MediaPlayerApp.Application", "src\MediaPlayerApp.Application\MediaPlayerApp.Application.csproj", "{F9081631-3501-4B82-A531-C7694E003B05}"
EndProject
Project("{FAE04EC0-301F-11D3-BF4B-00C04F79EFBC}") = "MediaPlayerApp.Infrastructure", "src\MediaPlayerApp.Infrastructure\MediaPlayerApp.Infrastructure.csproj", "{94CBC303-AA5B-4D82-9AA0-678E2DE19A9E}"
EndProject
Project("{FAE04EC0-301F-11D3-BF4B-00C04F79EFBC}") = "MediaPlayerApp.Common", "src\MediaPlayerApp.Common\MediaPlayerApp.Common.csproj", "{C7E691D3-0A9B-41B3-A3FC-7FDDADC5D6ED}"
EndProject
Project("{FAE04EC0-301F-11D3-BF4B-00C04F79EFBC}") = "MediaPlayerApp.UI", "src\MediaPlayerApp.UI\MediaPlayerApp.UI.csproj", "{37495932-A57F-4BDB-ADD0-36469E50D81B}"
EndProject
Project("{FAE04EC0-301F-11D3-BF4B-00C04F79EFBC}") = "MediaPlayerApp.Domain.Tests", "tests\MediaPlayerApp.Domain.Tests\MediaPlayerApp.Domain.Tests.csproj", "{AEC4945E-B165-4E75-B061-0432727D7CE7}"
EndProject
Project("{FAE04EC0-301F-11D3-BF4B-00C04F79EFBC}") = "MediaPlayerApp.Application.Tests", "tests\MediaPlayerApp.Application.Tests\MediaPlayerApp.Application.Tests.csproj", "{EF1D1BB0-8530-4AE7-AF06-5676BC80F935}"
EndProject
Project("{FAE04EC0-301F-11D3-BF4B-00C04F79EFBC}") = "MediaPlayerApp.Infrastructure.Tests", "tests\MediaPlayerApp.Infrastructure.Tests\MediaPlayerApp.Infrastructure.Tests.csproj", "{5589F8D8-C62E-4349-B23D-A4C37B12DC23}"
EndProject
Global
	GlobalSection(SolutionConfigurationPlatforms) = preSolution
		Debug|Any CPU = Debug|Any CPU
		Debug|x64 = Debug|x64
		Debug|x86 = Debug|x86
		Release|Any CPU = Release|Any CPU
		Release|x64 = Release|x64
		Release|x86 = Release|x86
	EndGlobalSection
	GlobalSection(ProjectConfigurationPlatforms) = postSolution
		{AD780670-EE29-4674-9919-FC2372CA690C}.Debug|Any CPU.ActiveCfg = Debug|Any CPU
		{AD780670-EE29-4674-9919-FC2372CA690C}.Debug|Any CPU.Build.0 = Debug|Any CPU
		{AD780670-EE29-4674-9919-FC2372CA690C}.Debug|x64.ActiveCfg = Debug|Any CPU
		{AD780670-EE29-4674-9919-FC2372CA690C}.Debug|x64.Build.0 = Debug|Any CPU
		{AD780670-EE29-4674-9919-FC2372CA690C}.Debug|x86.ActiveCfg = Debug|Any CPU
		{AD780670-EE29-4674-9919-FC2372CA690C}.Debug|x86.Build.0 = Debug|Any CPU
		{AD780670-EE29-4674-9919-FC2372CA690C}.Release|Any CPU.ActiveCfg = Release|Any CPU
		{AD780670-EE29-4674-9919-FC2372CA690C}.Release|Any CPU.Build.0 = Release|Any CPU
		{AD780670-EE29-4674-9919-FC2372CA690C}.Release|x64.ActiveCfg = Release|Any CPU
		{AD780670-EE29-4674-9919-FC2372CA690C}.Release|x64.Build.0 = Release|Any CPU
		{AD780670-EE29-4674-9919-FC2372CA690C}.Release|x86.ActiveCfg = Release|Any CPU
		{AD780670-EE29-4674-9919-FC2372CA690C}.Release|x86.Build.0 = Release|Any CPU
		{F9081631-3501-4B82-A531-C7694E003B05}.Debug|Any CPU.ActiveCfg = Debug|Any CPU
		{F9081631-3501-4B82-A531-C7694E003B05}.Debug|Any CPU.Build.0 = Debug|Any CPU
		{F9081631-3501-4B82-A531-C7694E003B05}.Debug|x64.ActiveCfg = Debug|Any CPU
		{F9081631-3501-4B82-A531-C7694E003B05}.Debug|x64.Build.0 = Debug|Any CPU
		{F9081631-3501-4B82-A531-C7694E003B05}.Debug|x86.ActiveCfg = Debug|Any CPU
		{F9081631-3501-4B82-A531-C7694E003B05}.Debug|x86.Build.0 = Debug|Any CPU
		{F9081631-3501-4B82-A531-C7694E003B05}.Release|Any CPU.ActiveCfg = Release|Any CPU
		{F9081631-3501-4B82-A531-C7694E003B05}.Release|Any CPU.Build.0 = Release|Any CPU
		{F9081631-3501-4B82-A531-C7694E003B05}.Release|x64.ActiveCfg = Release|Any CPU
		{F9081631-3501-4B82-A531-C7694E003B05}.Release|x64.Build.0 = Release|Any CPU
		{F9081631-3501-4B82-A531-C7694E003B05}.Release|x86.ActiveCfg = Release|Any CPU
		{F9081631-3501-4B82-A531-C7694E003B05}.Release|x86.Build.0 = Release|Any CPU
		{94CBC303-AA5B-4D82-9AA0-678E2DE19A9E}.Debug|Any CPU.ActiveCfg = Debug|Any CPU
		{94CBC303-AA5B-4D82-9AA0-678E2DE19A9E}.Debug|Any CPU.Build.0 = Debug|Any CPU
		{94CBC303-AA5B-4D82-9AA0-678E2DE19A9E}.Debug|x64.ActiveCfg = Debug|Any CPU
		{94CBC303-AA5B-4D82-9AA0-678E2DE19A9E}.Debug|x64.Build.0 = Debug|Any CPU
		{94CBC303-AA5B-4D82-9AA0-678E2DE19A9E}.Debug|x86.ActiveCfg = Debug|Any CPU
		{94CBC303-AA5B-4D82-9AA0-678E2DE19A9E}.Debug|x86.Build.0 = Debug|Any CPU
		{94CBC303-AA5B-4D82-9AA0-678E2DE19A9E}.Release|Any CPU.ActiveCfg = Release|Any CPU
		{94CBC303-AA5B-4D82-9AA0-678E2DE19A9E}.Release|Any CPU.Build.0 = Release|Any CPU
		{94CBC303-AA5B-4D82-9AA0-678E2DE19A9E}.Release|x64.ActiveCfg = Release|Any CPU
		{94CBC303-AA5B-4D82-9AA0-678E2DE19A9E}.Release|x64.Build.0 = Release|Any CPU
		{94CBC303-AA5B-4D82-9AA0-678E2DE19A9E}.Release|x86.ActiveCfg = Release|Any CPU
		{94CBC303-AA5B-4D82-9AA0-678E2DE19A9E}.Release|x86.Build.0 = Release|Any CPU
		{C7E691D3-0A9B-41B3-A3FC-7FDDADC5D6ED}.Debug|Any CPU.ActiveCfg = Debug|Any CPU
		{C7E691D3-0A9B-41B3-A3FC-7FDDADC5D6ED}.Debug|Any CPU.Build.0 = Debug|Any CPU
		{C7E691D3-0A9B-41B3-A3FC-7FDDADC5D6ED}.Debug|x64.ActiveCfg = Debug|Any CPU
		{C7E691D3-0A9B-41B3-A3FC-7FDDADC5D6ED}.Debug|x64.Build.0 = Debug|Any CPU
		{C7E691D3-0A9B-41B3-A3FC-7FDDADC5D6ED}.Debug|x86.ActiveCfg = Debug|Any CPU
		{C7E691D3-0A9B-41B3-A3FC-7FDDADC5D6ED}.Debug|x86.Build.0 = Debug|Any CPU
		{C7E691D3-0A9B-41B3-A3FC-7FDDADC5D6ED}.Release|Any CPU.ActiveCfg = Release|Any CPU
		{C7E691D3-0A9B-41B3-A3FC-7FDDADC5D6ED}.Release|Any CPU.Build.0 = Release|Any CPU
		{C7E691D3-0A9B-41B3-A3FC-7FDDADC5D6ED}.Release|x64.ActiveCfg = Release|Any CPU
		{C7E691D3-0A9B-41B3-A3FC-7FDDADC5D6ED}.Release|x64.Build.0 = Release|Any CPU
		{C7E691D3-0A9B-41B3-A3FC-7FDDADC5D6ED}.Release|x86.ActiveCfg = Release|Any CPU
		{C7E691D3-0A9B-41B3-A3FC-7FDDADC5D6ED}.Release|x86.Build.0 = Release|Any CPU
		{37495932-A57F-4BDB-ADD0-36469E50D81B}.Debug|Any CPU.ActiveCfg = Debug|Any CPU
		{37495932-A57F-4BDB-ADD0-36469E50D81B}.Debug|Any CPU.Build.0 = Debug|Any CPU
		{37495932-A57F-4BDB-ADD0-36469E50D81B}.Debug|x64.ActiveCfg = Debug|Any CPU
		{37495932-A57F-4BDB-ADD0-36469E50D81B}.Debug|x64.Build.0 = Debug|Any CPU
		{37495932-A57F-4BDB-ADD0-36469E50D81B}.Debug|x86.ActiveCfg = Debug|Any CPU
		{37495932-A57F-4BDB-ADD0-36469E50D81B}.Debug|x86.Build.0 = Debug|Any CPU
		{37495932-A57F-4BDB-ADD0-36469E50D81B}.Release|Any CPU.ActiveCfg = Release|Any CPU
		{37495932-A57F-4BDB-ADD0-36469E50D81B}.Release|Any CPU.Build.0 = Release|Any CPU
		{37495932-A57F-4BDB-ADD0-36469E50D81B}.Release|x64.ActiveCfg = Release|Any CPU
		{37495932-A57F-4BDB-ADD0-36469E50D81B}.Release|x64.Build.0 = Release|Any CPU
		{37495932-A57F-4BDB-ADD0-36469E50D81B}.Release|x86.ActiveCfg = Release|Any CPU
		{37495932-A57F-4BDB-ADD0-36469E50D81B}.Release|x86.Build.0 = Release|Any CPU
		{AEC4945E-B165-4E75-B061-0432727D7CE7}.Debug|Any CPU.ActiveCfg = Debug|Any CPU
		{AEC4945E-B165-4E75-B061-0432727D7CE7}.Debug|Any CPU.Build.0 = Debug|Any CPU
		{AEC4945E-B165-4E75-B061-0432727D7CE7}.Debug|x64.ActiveCfg = Debug|Any CPU
		{AEC4945E-B165-4E75-B061-0432727D7CE7}.Debug|x64.Build.0 = Debug|Any CPU
		{AEC4945E-B165-4E75-B061-0432727D7CE7}.Debug|x86.ActiveCfg = Debug|Any CPU
		{AEC4945E-B165-4E75-B061-0432727D7CE7}.Debug|x86.Build.0 = Debug|Any CPU
		{AEC4945E-B165-4E75-B061-0432727D7CE7}.Release|Any CPU.ActiveCfg = Release|Any CPU
		{AEC4945E-B165-4E75-B061-0432727D7CE7}.Release|Any CPU.Build.0 = Release|Any CPU
		{AEC4945E-B165-4E75-B061-0432727D7CE7}.Release|x64.ActiveCfg = Release|Any CPU
		{AEC4945E-B165-4E75-B061-0432727D7CE7}.Release|x64.Build.0 = Release|Any CPU
		{AEC4945E-B165-4E75-B061-0432727D7CE7}.Release|x86.ActiveCfg = Release|Any CPU
		{AEC4945E-B165-4E75-B061-0432727D7CE7}.Release|x86.Build.0 = Release|Any CPU
		{EF1D1BB0-8530-4AE7-AF06-5676BC80F935}.Debug|Any CPU.ActiveCfg = Debug|Any CPU
		{EF1D1BB0-8530-4AE7-AF06-5676BC80F935}.Debug|Any CPU.Build.0 = Debug|Any CPU
		{EF1D1BB0-8530-4AE7-AF06-5676BC80F935}.Debug|x64.ActiveCfg = Debug|Any CPU
		{EF1D1BB0-8530-4AE7-AF06-5676BC80F935}.Debug|x64.Build.0 = Debug|Any CPU
		{EF1D1BB0-8530-4AE7-AF06-5676BC80F935}.Debug|x86.ActiveCfg = Debug|Any CPU
		{EF1D1BB0-8530-4AE7-AF06-5676BC80F935}.Debug|x86.Build.0 = Debug|Any CPU
		{EF1D1BB0-8530-4AE7-AF06-5676BC80F935}.Release|Any CPU.ActiveCfg = Release|Any CPU
		{EF1D1BB0-8530-4AE7-AF06-5676BC80F935}.Release|Any CPU.Build.0 = Release|Any CPU
		{EF1D1BB0-8530-4AE7-AF06-5676BC80F935}.Release|x64.ActiveCfg = Release|Any CPU
		{EF1D1BB0-8530-4AE7-AF06-5676BC80F935}.Release|x64.Build.0 = Release|Any CPU
		{EF1D1BB0-8530-4AE7-AF06-5676BC80F935}.Release|x86.ActiveCfg = Release|Any CPU
		{EF1D1BB0-8530-4AE7-AF06-5676BC80F935}.Release|x86.Build.0 = Release|Any CPU
		{5589F8D8-C62E-4349-B23D-A4C37B12DC23}.Debug|Any CPU.ActiveCfg = Debug|Any CPU
		{5589F8D8-C62E-4349-B23D-A4C37B12DC23}.Debug|Any CPU.Build.0 = Debug|Any CPU
		{5589F8D8-C62E-4349-B23D-A4C37B12DC23}.Debug|x64.ActiveCfg = Debug|Any CPU
		{5589F8D8-C62E-4349-B23D-A4C37B12DC23}.Debug|x64.Build.0 = Debug|Any CPU
		{5589F8D8-C62E-4349-B23D-A4C37B12DC23}.Debug|x86.ActiveCfg = Debug|Any CPU
		{5589F8D8-C62E-4349-B23D-A4C37B12DC23}.Debug|x86.Build.0 = Debug|Any CPU
		{5589F8D8-C62E-4349-B23D-A4C37B12DC23}.Release|Any CPU.ActiveCfg = Release|Any CPU
		{5589F8D8-C62E-4349-B23D-A4C37B12DC23}.Release|Any CPU.Build.0 = Release|Any CPU
		{5589F8D8-C62E-4349-B23D-A4C37B12DC23}.Release|x64.ActiveCfg = Release|Any CPU
		{5589F8D8-C62E-4349-B23D-A4C37B12DC23}.Release|x64.Build.0 = Release|Any CPU
		{5589F8D8-C62E-4349-B23D-A4C37B12DC23}.Release|x86.ActiveCfg = Release|Any CPU
		{5589F8D8-C62E-4349-B23D-A4C37B12DC23}.Release|x86.Build.0 = Release|Any CPU
	EndGlobalSection
	GlobalSection(SolutionProperties) = preSolution
		HideSolutionNode = FALSE
	EndGlobalSection
	GlobalSection(NestedProjects) = preSolution
		{AD780670-EE29-4674-9919-FC2372CA690C} = {827E0CD3-B72D-47B6-A68D-7590B98EB39B}
		{F9081631-3501-4B82-A531-C7694E003B05} = {827E0CD3-B72D-47B6-A68D-7590B98EB39B}
		{94CBC303-AA5B-4D82-9AA0-678E2DE19A9E} = {827E0CD3-B72D-47B6-A68D-7590B98EB39B}
		{C7E691D3-0A9B-41B3-A3FC-7FDDADC5D6ED} = {827E0CD3-B72D-47B6-A68D-7590B98EB39B}
		{37495932-A57F-4BDB-ADD0-36469E50D81B} = {827E0CD3-B72D-47B6-A68D-7590B98EB39B}
		{AEC4945E-B165-4E75-B061-0432727D7CE7} = {827E0CD3-B72D-47B6-A68D-7590B98EB39B}
		{EF1D1BB0-8530-4AE7-AF06-5676BC80F935} = {827E0CD3-B72D-47B6-A68D-7590B98EB39B}
		{5589F8D8-C62E-4349-B23D-A4C37B12DC23} = {827E0CD3-B72D-47B6-A68D-7590B98EB39B}
	EndGlobalSection
EndGlobal
